
Microsoft Visual Studio Solution File, Format Version 12.00
# Visual Studio 15
VisualStudioVersion = 15.0.25302.0
MinimumVisualStudioVersion = 10.0.40219.1
Project("{FAE04EC0-301F-11D3-BF4B-00C04F79EFBC}") = "MeasurementConverter.Droid", "MeasurementConverter\MeasurementConverter.Droid\MeasurementConverter.Droid.csproj", "{247CEEBC-D229-4DB5-86B0-9B6425F86EA5}"
EndProject
Project("{FAE04EC0-301F-11D3-BF4B-00C04F79EFBC}") = "MeasurementConverter.iOS", "MeasurementConverter\MeasurementConverter.iOS\MeasurementConverter.iOS.csproj", "{93BADF17-2B5B-4019-A864-76D4097C7EFF}"
EndProject
Project("{FAE04EC0-301F-11D3-BF4B-00C04F79EFBC}") = "MeasurementConverter.UWP", "MeasurementConverter\MeasurementConverter.UWP\MeasurementConverter.UWP.csproj", "{2FCCEA4F-8333-4195-B48E-0CB9A352AFDD}"
EndProject
Project("{FAE04EC0-301F-11D3-BF4B-00C04F79EFBC}") = "MeasurementConverter", "MeasurementConverter\MeasurementConverter\MeasurementConverter.csproj", "{89006921-4F7A-4CC2-9467-0A4182624557}"
EndProject
Global
	GlobalSection(SolutionConfigurationPlatforms) = preSolution
		Ad-Hoc|Any CPU = Ad-Hoc|Any CPU
		Ad-Hoc|ARM = Ad-Hoc|ARM
		Ad-Hoc|iPhone = Ad-Hoc|iPhone
		Ad-Hoc|iPhoneSimulator = Ad-Hoc|iPhoneSimulator
		Ad-Hoc|x64 = Ad-Hoc|x64
		Ad-Hoc|x86 = Ad-Hoc|x86
		AppStore|Any CPU = AppStore|Any CPU
		AppStore|ARM = AppStore|ARM
		AppStore|iPhone = AppStore|iPhone
		AppStore|iPhoneSimulator = AppStore|iPhoneSimulator
		AppStore|x64 = AppStore|x64
		AppStore|x86 = AppStore|x86
		Debug|Any CPU = Debug|Any CPU
		Debug|ARM = Debug|ARM
		Debug|iPhone = Debug|iPhone
		Debug|iPhoneSimulator = Debug|iPhoneSimulator
		Debug|x64 = Debug|x64
		Debug|x86 = Debug|x86
		Release|Any CPU = Release|Any CPU
		Release|ARM = Release|ARM
		Release|iPhone = Release|iPhone
		Release|iPhoneSimulator = Release|iPhoneSimulator
		Release|x64 = Release|x64
		Release|x86 = Release|x86
	EndGlobalSection
	GlobalSection(ProjectConfigurationPlatforms) = postSolution
		{247CEEBC-D229-4DB5-86B0-9B6425F86EA5}.Ad-Hoc|Any CPU.ActiveCfg = Release|Any CPU
		{247CEEBC-D229-4DB5-86B0-9B6425F86EA5}.Ad-Hoc|Any CPU.Build.0 = Release|Any CPU
		{247CEEBC-D229-4DB5-86B0-9B6425F86EA5}.Ad-Hoc|Any CPU.Deploy.0 = Release|Any CPU
		{247CEEBC-D229-4DB5-86B0-9B6425F86EA5}.Ad-Hoc|ARM.ActiveCfg = Release|Any CPU
		{247CEEBC-D229-4DB5-86B0-9B6425F86EA5}.Ad-Hoc|ARM.Build.0 = Release|Any CPU
		{247CEEBC-D229-4DB5-86B0-9B6425F86EA5}.Ad-Hoc|ARM.Deploy.0 = Release|Any CPU
		{247CEEBC-D229-4DB5-86B0-9B6425F86EA5}.Ad-Hoc|iPhone.ActiveCfg = Release|Any CPU
		{247CEEBC-D229-4DB5-86B0-9B6425F86EA5}.Ad-Hoc|iPhone.Build.0 = Release|Any CPU
		{247CEEBC-D229-4DB5-86B0-9B6425F86EA5}.Ad-Hoc|iPhone.Deploy.0 = Release|Any CPU
		{247CEEBC-D229-4DB5-86B0-9B6425F86EA5}.Ad-Hoc|iPhoneSimulator.ActiveCfg = Release|Any CPU
		{247CEEBC-D229-4DB5-86B0-9B6425F86EA5}.Ad-Hoc|iPhoneSimulator.Build.0 = Release|Any CPU
		{247CEEBC-D229-4DB5-86B0-9B6425F86EA5}.Ad-Hoc|iPhoneSimulator.Deploy.0 = Release|Any CPU
		{247CEEBC-D229-4DB5-86B0-9B6425F86EA5}.Ad-Hoc|x64.ActiveCfg = Release|Any CPU
		{247CEEBC-D229-4DB5-86B0-9B6425F86EA5}.Ad-Hoc|x64.Build.0 = Release|Any CPU
		{247CEEBC-D229-4DB5-86B0-9B6425F86EA5}.Ad-Hoc|x64.Deploy.0 = Release|Any CPU
		{247CEEBC-D229-4DB5-86B0-9B6425F86EA5}.Ad-Hoc|x86.ActiveCfg = Release|Any CPU
		{247CEEBC-D229-4DB5-86B0-9B6425F86EA5}.Ad-Hoc|x86.Build.0 = Release|Any CPU
		{247CEEBC-D229-4DB5-86B0-9B6425F86EA5}.Ad-Hoc|x86.Deploy.0 = Release|Any CPU
		{247CEEBC-D229-4DB5-86B0-9B6425F86EA5}.AppStore|Any CPU.ActiveCfg = Release|Any CPU
		{247CEEBC-D229-4DB5-86B0-9B6425F86EA5}.AppStore|Any CPU.Build.0 = Release|Any CPU
		{247CEEBC-D229-4DB5-86B0-9B6425F86EA5}.AppStore|Any CPU.Deploy.0 = Release|Any CPU
		{247CEEBC-D229-4DB5-86B0-9B6425F86EA5}.AppStore|ARM.ActiveCfg = Release|Any CPU
		{247CEEBC-D229-4DB5-86B0-9B6425F86EA5}.AppStore|ARM.Build.0 = Release|Any CPU
		{247CEEBC-D229-4DB5-86B0-9B6425F86EA5}.AppStore|ARM.Deploy.0 = Release|Any CPU
		{247CEEBC-D229-4DB5-86B0-9B6425F86EA5}.AppStore|iPhone.ActiveCfg = Release|Any CPU
		{247CEEBC-D229-4DB5-86B0-9B6425F86EA5}.AppStore|iPhone.Build.0 = Release|Any CPU
		{247CEEBC-D229-4DB5-86B0-9B6425F86EA5}.AppStore|iPhone.Deploy.0 = Release|Any CPU
		{247CEEBC-D229-4DB5-86B0-9B6425F86EA5}.AppStore|iPhoneSimulator.ActiveCfg = Release|Any CPU
		{247CEEBC-D229-4DB5-86B0-9B6425F86EA5}.AppStore|iPhoneSimulator.Build.0 = Release|Any CPU
		{247CEEBC-D229-4DB5-86B0-9B6425F86EA5}.AppStore|iPhoneSimulator.Deploy.0 = Release|Any CPU
		{247CEEBC-D229-4DB5-86B0-9B6425F86EA5}.AppStore|x64.ActiveCfg = Release|Any CPU
		{247CEEBC-D229-4DB5-86B0-9B6425F86EA5}.AppStore|x64.Build.0 = Release|Any CPU
		{247CEEBC-D229-4DB5-86B0-9B6425F86EA5}.AppStore|x64.Deploy.0 = Release|Any CPU
		{247CEEBC-D229-4DB5-86B0-9B6425F86EA5}.AppStore|x86.ActiveCfg = Release|Any CPU
		{247CEEBC-D229-4DB5-86B0-9B6425F86EA5}.AppStore|x86.Build.0 = Release|Any CPU
		{247CEEBC-D229-4DB5-86B0-9B6425F86EA5}.AppStore|x86.Deploy.0 = Release|Any CPU
		{247CEEBC-D229-4DB5-86B0-9B6425F86EA5}.Debug|Any CPU.ActiveCfg = Debug|Any CPU
		{247CEEBC-D229-4DB5-86B0-9B6425F86EA5}.Debug|Any CPU.Build.0 = Debug|Any CPU
		{247CEEBC-D229-4DB5-86B0-9B6425F86EA5}.Debug|Any CPU.Deploy.0 = Debug|Any CPU
		{247CEEBC-D229-4DB5-86B0-9B6425F86EA5}.Debug|ARM.ActiveCfg = Debug|Any CPU
		{247CEEBC-D229-4DB5-86B0-9B6425F86EA5}.Debug|ARM.Build.0 = Debug|Any CPU
		{247CEEBC-D229-4DB5-86B0-9B6425F86EA5}.Debug|ARM.Deploy.0 = Debug|Any CPU
		{247CEEBC-D229-4DB5-86B0-9B6425F86EA5}.Debug|iPhone.ActiveCfg = Debug|Any CPU
		{247CEEBC-D229-4DB5-86B0-9B6425F86EA5}.Debug|iPhone.Build.0 = Debug|Any CPU
		{247CEEBC-D229-4DB5-86B0-9B6425F86EA5}.Debug|iPhone.Deploy.0 = Debug|Any CPU
		{247CEEBC-D229-4DB5-86B0-9B6425F86EA5}.Debug|iPhoneSimulator.ActiveCfg = Debug|Any CPU
		{247CEEBC-D229-4DB5-86B0-9B6425F86EA5}.Debug|iPhoneSimulator.Build.0 = Debug|Any CPU
		{247CEEBC-D229-4DB5-86B0-9B6425F86EA5}.Debug|iPhoneSimulator.Deploy.0 = Debug|Any CPU
		{247CEEBC-D229-4DB5-86B0-9B6425F86EA5}.Debug|x64.ActiveCfg = Debug|Any CPU
		{247CEEBC-D229-4DB5-86B0-9B6425F86EA5}.Debug|x64.Build.0 = Debug|Any CPU
		{247CEEBC-D229-4DB5-86B0-9B6425F86EA5}.Debug|x64.Deploy.0 = Debug|Any CPU
		{247CEEBC-D229-4DB5-86B0-9B6425F86EA5}.Debug|x86.ActiveCfg = Debug|Any CPU
		{247CEEBC-D229-4DB5-86B0-9B6425F86EA5}.Debug|x86.Build.0 = Debug|Any CPU
		{247CEEBC-D229-4DB5-86B0-9B6425F86EA5}.Debug|x86.Deploy.0 = Debug|Any CPU
		{247CEEBC-D229-4DB5-86B0-9B6425F86EA5}.Release|Any CPU.ActiveCfg = Release|Any CPU
		{247CEEBC-D229-4DB5-86B0-9B6425F86EA5}.Release|Any CPU.Build.0 = Release|Any CPU
		{247CEEBC-D229-4DB5-86B0-9B6425F86EA5}.Release|Any CPU.Deploy.0 = Release|Any CPU
		{247CEEBC-D229-4DB5-86B0-9B6425F86EA5}.Release|ARM.ActiveCfg = Release|Any CPU
		{247CEEBC-D229-4DB5-86B0-9B6425F86EA5}.Release|ARM.Build.0 = Release|Any CPU
		{247CEEBC-D229-4DB5-86B0-9B6425F86EA5}.Release|ARM.Deploy.0 = Release|Any CPU
		{247CEEBC-D229-4DB5-86B0-9B6425F86EA5}.Release|iPhone.ActiveCfg = Release|Any CPU
		{247CEEBC-D229-4DB5-86B0-9B6425F86EA5}.Release|iPhone.Build.0 = Release|Any CPU
		{247CEEBC-D229-4DB5-86B0-9B6425F86EA5}.Release|iPhone.Deploy.0 = Release|Any CPU
		{247CEEBC-D229-4DB5-86B0-9B6425F86EA5}.Release|iPhoneSimulator.ActiveCfg = Release|Any CPU
		{247CEEBC-D229-4DB5-86B0-9B6425F86EA5}.Release|iPhoneSimulator.Build.0 = Release|Any CPU
		{247CEEBC-D229-4DB5-86B0-9B6425F86EA5}.Release|iPhoneSimulator.Deploy.0 = Release|Any CPU
		{247CEEBC-D229-4DB5-86B0-9B6425F86EA5}.Release|x64.ActiveCfg = Release|Any CPU
		{247CEEBC-D229-4DB5-86B0-9B6425F86EA5}.Release|x64.Build.0 = Release|Any CPU
		{247CEEBC-D229-4DB5-86B0-9B6425F86EA5}.Release|x64.Deploy.0 = Release|Any CPU
		{247CEEBC-D229-4DB5-86B0-9B6425F86EA5}.Release|x86.ActiveCfg = Release|Any CPU
		{247CEEBC-D229-4DB5-86B0-9B6425F86EA5}.Release|x86.Build.0 = Release|Any CPU
		{247CEEBC-D229-4DB5-86B0-9B6425F86EA5}.Release|x86.Deploy.0 = Release|Any CPU
		{93BADF17-2B5B-4019-A864-76D4097C7EFF}.Ad-Hoc|Any CPU.ActiveCfg = Ad-Hoc|iPhone
		{93BADF17-2B5B-4019-A864-76D4097C7EFF}.Ad-Hoc|ARM.ActiveCfg = Ad-Hoc|iPhone
		{93BADF17-2B5B-4019-A864-76D4097C7EFF}.Ad-Hoc|iPhone.ActiveCfg = Ad-Hoc|iPhone
		{93BADF17-2B5B-4019-A864-76D4097C7EFF}.Ad-Hoc|iPhone.Build.0 = Ad-Hoc|iPhone
		{93BADF17-2B5B-4019-A864-76D4097C7EFF}.Ad-Hoc|iPhoneSimulator.ActiveCfg = Ad-Hoc|iPhoneSimulator
		{93BADF17-2B5B-4019-A864-76D4097C7EFF}.Ad-Hoc|iPhoneSimulator.Build.0 = Ad-Hoc|iPhoneSimulator
		{93BADF17-2B5B-4019-A864-76D4097C7EFF}.Ad-Hoc|x64.ActiveCfg = Ad-Hoc|iPhone
		{93BADF17-2B5B-4019-A864-76D4097C7EFF}.Ad-Hoc|x86.ActiveCfg = Ad-Hoc|iPhone
		{93BADF17-2B5B-4019-A864-76D4097C7EFF}.AppStore|Any CPU.ActiveCfg = AppStore|iPhone
		{93BADF17-2B5B-4019-A864-76D4097C7EFF}.AppStore|ARM.ActiveCfg = AppStore|iPhone
		{93BADF17-2B5B-4019-A864-76D4097C7EFF}.AppStore|iPhone.ActiveCfg = AppStore|iPhone
		{93BADF17-2B5B-4019-A864-76D4097C7EFF}.AppStore|iPhone.Build.0 = AppStore|iPhone
		{93BADF17-2B5B-4019-A864-76D4097C7EFF}.AppStore|iPhoneSimulator.ActiveCfg = AppStore|iPhoneSimulator
		{93BADF17-2B5B-4019-A864-76D4097C7EFF}.AppStore|iPhoneSimulator.Build.0 = AppStore|iPhoneSimulator
		{93BADF17-2B5B-4019-A864-76D4097C7EFF}.AppStore|x64.ActiveCfg = AppStore|iPhone
		{93BADF17-2B5B-4019-A864-76D4097C7EFF}.AppStore|x86.ActiveCfg = AppStore|iPhone
		{93BADF17-2B5B-4019-A864-76D4097C7EFF}.Debug|Any CPU.ActiveCfg = Debug|iPhone
		{93BADF17-2B5B-4019-A864-76D4097C7EFF}.Debug|ARM.ActiveCfg = Debug|iPhone
		{93BADF17-2B5B-4019-A864-76D4097C7EFF}.Debug|iPhone.ActiveCfg = Debug|iPhone
		{93BADF17-2B5B-4019-A864-76D4097C7EFF}.Debug|iPhone.Build.0 = Debug|iPhone
		{93BADF17-2B5B-4019-A864-76D4097C7EFF}.Debug|iPhoneSimulator.ActiveCfg = Debug|iPhoneSimulator
		{93BADF17-2B5B-4019-A864-76D4097C7EFF}.Debug|iPhoneSimulator.Build.0 = Debug|iPhoneSimulator
		{93BADF17-2B5B-4019-A864-76D4097C7EFF}.Debug|x64.ActiveCfg = Debug|iPhone
		{93BADF17-2B5B-4019-A864-76D4097C7EFF}.Debug|x86.ActiveCfg = Debug|iPhone
		{93BADF17-2B5B-4019-A864-76D4097C7EFF}.Release|Any CPU.ActiveCfg = Release|iPhone
		{93BADF17-2B5B-4019-A864-76D4097C7EFF}.Release|ARM.ActiveCfg = Release|iPhone
		{93BADF17-2B5B-4019-A864-76D4097C7EFF}.Release|iPhone.ActiveCfg = Release|iPhone
		{93BADF17-2B5B-4019-A864-76D4097C7EFF}.Release|iPhone.Build.0 = Release|iPhone
		{93BADF17-2B5B-4019-A864-76D4097C7EFF}.Release|iPhoneSimulator.ActiveCfg = Release|iPhoneSimulator
		{93BADF17-2B5B-4019-A864-76D4097C7EFF}.Release|iPhoneSimulator.Build.0 = Release|iPhoneSimulator
		{93BADF17-2B5B-4019-A864-76D4097C7EFF}.Release|x64.ActiveCfg = Release|iPhone
		{93BADF17-2B5B-4019-A864-76D4097C7EFF}.Release|x86.ActiveCfg = Release|iPhone
		{2FCCEA4F-8333-4195-B48E-0CB9A352AFDD}.Ad-Hoc|Any CPU.ActiveCfg = Release|x86
		{2FCCEA4F-8333-4195-B48E-0CB9A352AFDD}.Ad-Hoc|Any CPU.Build.0 = Release|x86
		{2FCCEA4F-8333-4195-B48E-0CB9A352AFDD}.Ad-Hoc|Any CPU.Deploy.0 = Release|x86
		{2FCCEA4F-8333-4195-B48E-0CB9A352AFDD}.Ad-Hoc|ARM.ActiveCfg = Release|ARM
		{2FCCEA4F-8333-4195-B48E-0CB9A352AFDD}.Ad-Hoc|ARM.Build.0 = Release|ARM
		{2FCCEA4F-8333-4195-B48E-0CB9A352AFDD}.Ad-Hoc|ARM.Deploy.0 = Release|ARM
		{2FCCEA4F-8333-4195-B48E-0CB9A352AFDD}.Ad-Hoc|iPhone.ActiveCfg = Release|x86
		{2FCCEA4F-8333-4195-B48E-0CB9A352AFDD}.Ad-Hoc|iPhone.Build.0 = Release|x86
		{2FCCEA4F-8333-4195-B48E-0CB9A352AFDD}.Ad-Hoc|iPhone.Deploy.0 = Release|x86
		{2FCCEA4F-8333-4195-B48E-0CB9A352AFDD}.Ad-Hoc|iPhoneSimulator.ActiveCfg = Release|x86
		{2FCCEA4F-8333-4195-B48E-0CB9A352AFDD}.Ad-Hoc|iPhoneSimulator.Build.0 = Release|x86
		{2FCCEA4F-8333-4195-B48E-0CB9A352AFDD}.Ad-Hoc|iPhoneSimulator.Deploy.0 = Release|x86
		{2FCCEA4F-8333-4195-B48E-0CB9A352AFDD}.Ad-Hoc|x64.ActiveCfg = Release|x64
		{2FCCEA4F-8333-4195-B48E-0CB9A352AFDD}.Ad-Hoc|x64.Build.0 = Release|x64
		{2FCCEA4F-8333-4195-B48E-0CB9A352AFDD}.Ad-Hoc|x64.Deploy.0 = Release|x64
		{2FCCEA4F-8333-4195-B48E-0CB9A352AFDD}.Ad-Hoc|x86.ActiveCfg = Release|x86
		{2FCCEA4F-8333-4195-B48E-0CB9A352AFDD}.Ad-Hoc|x86.Build.0 = Release|x86
		{2FCCEA4F-8333-4195-B48E-0CB9A352AFDD}.Ad-Hoc|x86.Deploy.0 = Release|x86
		{2FCCEA4F-8333-4195-B48E-0CB9A352AFDD}.AppStore|Any CPU.ActiveCfg = Release|x86
		{2FCCEA4F-8333-4195-B48E-0CB9A352AFDD}.AppStore|Any CPU.Build.0 = Release|x86
		{2FCCEA4F-8333-4195-B48E-0CB9A352AFDD}.AppStore|Any CPU.Deploy.0 = Release|x86
		{2FCCEA4F-8333-4195-B48E-0CB9A352AFDD}.AppStore|ARM.ActiveCfg = Release|ARM
		{2FCCEA4F-8333-4195-B48E-0CB9A352AFDD}.AppStore|ARM.Build.0 = Release|ARM
		{2FCCEA4F-8333-4195-B48E-0CB9A352AFDD}.AppStore|ARM.Deploy.0 = Release|ARM
		{2FCCEA4F-8333-4195-B48E-0CB9A352AFDD}.AppStore|iPhone.ActiveCfg = Release|x86
		{2FCCEA4F-8333-4195-B48E-0CB9A352AFDD}.AppStore|iPhone.Build.0 = Release|x86
		{2FCCEA4F-8333-4195-B48E-0CB9A352AFDD}.AppStore|iPhone.Deploy.0 = Release|x86
		{2FCCEA4F-8333-4195-B48E-0CB9A352AFDD}.AppStore|iPhoneSimulator.ActiveCfg = Release|x86
		{2FCCEA4F-8333-4195-B48E-0CB9A352AFDD}.AppStore|iPhoneSimulator.Build.0 = Release|x86
		{2FCCEA4F-8333-4195-B48E-0CB9A352AFDD}.AppStore|iPhoneSimulator.Deploy.0 = Release|x86
		{2FCCEA4F-8333-4195-B48E-0CB9A352AFDD}.AppStore|x64.ActiveCfg = Release|x64
		{2FCCEA4F-8333-4195-B48E-0CB9A352AFDD}.AppStore|x64.Build.0 = Release|x64
		{2FCCEA4F-8333-4195-B48E-0CB9A352AFDD}.AppStore|x64.Deploy.0 = Release|x64
		{2FCCEA4F-8333-4195-B48E-0CB9A352AFDD}.AppStore|x86.ActiveCfg = Release|x86
		{2FCCEA4F-8333-4195-B48E-0CB9A352AFDD}.AppStore|x86.Build.0 = Release|x86
		{2FCCEA4F-8333-4195-B48E-0CB9A352AFDD}.AppStore|x86.Deploy.0 = Release|x86
		{2FCCEA4F-8333-4195-B48E-0CB9A352AFDD}.Debug|Any CPU.ActiveCfg = Debug|x86
		{2FCCEA4F-8333-4195-B48E-0CB9A352AFDD}.Debug|ARM.ActiveCfg = Debug|ARM
		{2FCCEA4F-8333-4195-B48E-0CB9A352AFDD}.Debug|ARM.Build.0 = Debug|ARM
		{2FCCEA4F-8333-4195-B48E-0CB9A352AFDD}.Debug|ARM.Deploy.0 = Debug|ARM
		{2FCCEA4F-8333-4195-B48E-0CB9A352AFDD}.Debug|iPhone.ActiveCfg = Debug|x86
		{2FCCEA4F-8333-4195-B48E-0CB9A352AFDD}.Debug|iPhoneSimulator.ActiveCfg = Debug|x86
		{2FCCEA4F-8333-4195-B48E-0CB9A352AFDD}.Debug|x64.ActiveCfg = Debug|x64
		{2FCCEA4F-8333-4195-B48E-0CB9A352AFDD}.Debug|x64.Build.0 = Debug|x64
		{2FCCEA4F-8333-4195-B48E-0CB9A352AFDD}.Debug|x64.Deploy.0 = Debug|x64
		{2FCCEA4F-8333-4195-B48E-0CB9A352AFDD}.Debug|x86.ActiveCfg = Debug|x86
		{2FCCEA4F-8333-4195-B48E-0CB9A352AFDD}.Debug|x86.Build.0 = Debug|x86
		{2FCCEA4F-8333-4195-B48E-0CB9A352AFDD}.Debug|x86.Deploy.0 = Debug|x86
		{2FCCEA4F-8333-4195-B48E-0CB9A352AFDD}.Release|Any CPU.ActiveCfg = Release|x86
		{2FCCEA4F-8333-4195-B48E-0CB9A352AFDD}.Release|ARM.ActiveCfg = Release|ARM
		{2FCCEA4F-8333-4195-B48E-0CB9A352AFDD}.Release|ARM.Build.0 = Release|ARM
		{2FCCEA4F-8333-4195-B48E-0CB9A352AFDD}.Release|ARM.Deploy.0 = Release|ARM
		{2FCCEA4F-8333-4195-B48E-0CB9A352AFDD}.Release|iPhone.ActiveCfg = Release|x86
		{2FCCEA4F-8333-4195-B48E-0CB9A352AFDD}.Release|iPhoneSimulator.ActiveCfg = Release|x86
		{2FCCEA4F-8333-4195-B48E-0CB9A352AFDD}.Release|x64.ActiveCfg = Release|x64
		{2FCCEA4F-8333-4195-B48E-0CB9A352AFDD}.Release|x64.Build.0 = Release|x64
		{2FCCEA4F-8333-4195-B48E-0CB9A352AFDD}.Release|x64.Deploy.0 = Release|x64
		{2FCCEA4F-8333-4195-B48E-0CB9A352AFDD}.Release|x86.ActiveCfg = Release|x86
		{2FCCEA4F-8333-4195-B48E-0CB9A352AFDD}.Release|x86.Build.0 = Release|x86
		{2FCCEA4F-8333-4195-B48E-0CB9A352AFDD}.Release|x86.Deploy.0 = Release|x86
		{89006921-4F7A-4CC2-9467-0A4182624557}.Ad-Hoc|Any CPU.ActiveCfg = Release|Any CPU
		{89006921-4F7A-4CC2-9467-0A4182624557}.Ad-Hoc|Any CPU.Build.0 = Release|Any CPU
		{89006921-4F7A-4CC2-9467-0A4182624557}.Ad-Hoc|ARM.ActiveCfg = Release|Any CPU
		{89006921-4F7A-4CC2-9467-0A4182624557}.Ad-Hoc|ARM.Build.0 = Release|Any CPU
		{89006921-4F7A-4CC2-9467-0A4182624557}.Ad-Hoc|iPhone.ActiveCfg = Release|Any CPU
		{89006921-4F7A-4CC2-9467-0A4182624557}.Ad-Hoc|iPhone.Build.0 = Release|Any CPU
		{89006921-4F7A-4CC2-9467-0A4182624557}.Ad-Hoc|iPhoneSimulator.ActiveCfg = Release|Any CPU
		{89006921-4F7A-4CC2-9467-0A4182624557}.Ad-Hoc|iPhoneSimulator.Build.0 = Release|Any CPU
		{89006921-4F7A-4CC2-9467-0A4182624557}.Ad-Hoc|x64.ActiveCfg = Release|Any CPU
		{89006921-4F7A-4CC2-9467-0A4182624557}.Ad-Hoc|x64.Build.0 = Release|Any CPU
		{89006921-4F7A-4CC2-9467-0A4182624557}.Ad-Hoc|x86.ActiveCfg = Release|Any CPU
		{89006921-4F7A-4CC2-9467-0A4182624557}.Ad-Hoc|x86.Build.0 = Release|Any CPU
		{89006921-4F7A-4CC2-9467-0A4182624557}.AppStore|Any CPU.ActiveCfg = Release|Any CPU
		{89006921-4F7A-4CC2-9467-0A4182624557}.AppStore|Any CPU.Build.0 = Release|Any CPU
		{89006921-4F7A-4CC2-9467-0A4182624557}.AppStore|ARM.ActiveCfg = Release|Any CPU
		{89006921-4F7A-4CC2-9467-0A4182624557}.AppStore|ARM.Build.0 = Release|Any CPU
		{89006921-4F7A-4CC2-9467-0A4182624557}.AppStore|iPhone.ActiveCfg = Release|Any CPU
		{89006921-4F7A-4CC2-9467-0A4182624557}.AppStore|iPhone.Build.0 = Release|Any CPU
		{89006921-4F7A-4CC2-9467-0A4182624557}.AppStore|iPhoneSimulator.ActiveCfg = Release|Any CPU
		{89006921-4F7A-4CC2-9467-0A4182624557}.AppStore|iPhoneSimulator.Build.0 = Release|Any CPU
		{89006921-4F7A-4CC2-9467-0A4182624557}.AppStore|x64.ActiveCfg = Release|Any CPU
		{89006921-4F7A-4CC2-9467-0A4182624557}.AppStore|x64.Build.0 = Release|Any CPU
		{89006921-4F7A-4CC2-9467-0A4182624557}.AppStore|x86.ActiveCfg = Release|Any CPU
		{89006921-4F7A-4CC2-9467-0A4182624557}.AppStore|x86.Build.0 = Release|Any CPU
		{89006921-4F7A-4CC2-9467-0A4182624557}.Debug|Any CPU.ActiveCfg = Debug|Any CPU
		{89006921-4F7A-4CC2-9467-0A4182624557}.Debug|Any CPU.Build.0 = Debug|Any CPU
		{89006921-4F7A-4CC2-9467-0A4182624557}.Debug|ARM.ActiveCfg = Debug|Any CPU
		{89006921-4F7A-4CC2-9467-0A4182624557}.Debug|ARM.Build.0 = Debug|Any CPU
		{89006921-4F7A-4CC2-9467-0A4182624557}.Debug|iPhone.ActiveCfg = Debug|Any CPU
		{89006921-4F7A-4CC2-9467-0A4182624557}.Debug|iPhone.Build.0 = Debug|Any CPU
		{89006921-4F7A-4CC2-9467-0A4182624557}.Debug|iPhoneSimulator.ActiveCfg = Debug|Any CPU
		{89006921-4F7A-4CC2-9467-0A4182624557}.Debug|iPhoneSimulator.Build.0 = Debug|Any CPU
		{89006921-4F7A-4CC2-9467-0A4182624557}.Debug|x64.ActiveCfg = Debug|Any CPU
		{89006921-4F7A-4CC2-9467-0A4182624557}.Debug|x64.Build.0 = Debug|Any CPU
		{89006921-4F7A-4CC2-9467-0A4182624557}.Debug|x86.ActiveCfg = Debug|Any CPU
		{89006921-4F7A-4CC2-9467-0A4182624557}.Debug|x86.Build.0 = Debug|Any CPU
		{89006921-4F7A-4CC2-9467-0A4182624557}.Release|Any CPU.ActiveCfg = Release|Any CPU
		{89006921-4F7A-4CC2-9467-0A4182624557}.Release|Any CPU.Build.0 = Release|Any CPU
		{89006921-4F7A-4CC2-9467-0A4182624557}.Release|ARM.ActiveCfg = Release|Any CPU
		{89006921-4F7A-4CC2-9467-0A4182624557}.Release|ARM.Build.0 = Release|Any CPU
		{89006921-4F7A-4CC2-9467-0A4182624557}.Release|iPhone.ActiveCfg = Release|Any CPU
		{89006921-4F7A-4CC2-9467-0A4182624557}.Release|iPhone.Build.0 = Release|Any CPU
		{89006921-4F7A-4CC2-9467-0A4182624557}.Release|iPhoneSimulator.ActiveCfg = Release|Any CPU
		{89006921-4F7A-4CC2-9467-0A4182624557}.Release|iPhoneSimulator.Build.0 = Release|Any CPU
		{89006921-4F7A-4CC2-9467-0A4182624557}.Release|x64.ActiveCfg = Release|Any CPU
		{89006921-4F7A-4CC2-9467-0A4182624557}.Release|x64.Build.0 = Release|Any CPU
		{89006921-4F7A-4CC2-9467-0A4182624557}.Release|x86.ActiveCfg = Release|Any CPU
		{89006921-4F7A-4CC2-9467-0A4182624557}.Release|x86.Build.0 = Release|Any CPU
	EndGlobalSection
	GlobalSection(SolutionProperties) = preSolution
		HideSolutionNode = FALSE
	EndGlobalSection
EndGlobal
